// !$*UTF8*$!
{
	archiveVersion = 1;
	classes = {
	};
	objectVersion = 55;
	objects = {

/* Begin PBXBuildFile section */
		BF0CC1E0286C9CAA00FB82A7 /* DailyScrum.swift in Sources */ = {isa = PBXBuildFile; fileRef = BF0CC1DF286C9CAA00FB82A7 /* DailyScrum.swift */; };
		BF0CC1E2286C9F4500FB82A7 /* CardView.swift in Sources */ = {isa = PBXBuildFile; fileRef = BF0CC1E1286C9F4500FB82A7 /* CardView.swift */; };
		BF0CC1E4286CA52700FB82A7 /* TrailingIconLabelStyle.swift in Sources */ = {isa = PBXBuildFile; fileRef = BF0CC1E3286CA52700FB82A7 /* TrailingIconLabelStyle.swift */; };
		BF989A7C2863F0A100D5AB68 /* Tests_iOS.swift in Sources */ = {isa = PBXBuildFile; fileRef = BF989A7B2863F0A100D5AB68 /* Tests_iOS.swift */; };
		BF989A7E2863F0A100D5AB68 /* Tests_iOSLaunchTests.swift in Sources */ = {isa = PBXBuildFile; fileRef = BF989A7D2863F0A100D5AB68 /* Tests_iOSLaunchTests.swift */; };
		BF989A882863F0A100D5AB68 /* Tests_macOS.swift in Sources */ = {isa = PBXBuildFile; fileRef = BF989A872863F0A100D5AB68 /* Tests_macOS.swift */; };
		BF989A8A2863F0A100D5AB68 /* Tests_macOSLaunchTests.swift in Sources */ = {isa = PBXBuildFile; fileRef = BF989A892863F0A100D5AB68 /* Tests_macOSLaunchTests.swift */; };
		BF989A8B2863F0A100D5AB68 /* ScrumdingerApp.swift in Sources */ = {isa = PBXBuildFile; fileRef = BF989A632863F09B00D5AB68 /* ScrumdingerApp.swift */; };
		BF989A8C2863F0A100D5AB68 /* ScrumdingerApp.swift in Sources */ = {isa = PBXBuildFile; fileRef = BF989A632863F09B00D5AB68 /* ScrumdingerApp.swift */; };
		BF989A8D2863F0A100D5AB68 /* MeetingView.swift in Sources */ = {isa = PBXBuildFile; fileRef = BF989A642863F09B00D5AB68 /* MeetingView.swift */; };
		BF989A8E2863F0A100D5AB68 /* MeetingView.swift in Sources */ = {isa = PBXBuildFile; fileRef = BF989A642863F09B00D5AB68 /* MeetingView.swift */; };
		BF989A8F2863F0A100D5AB68 /* Assets.xcassets in Resources */ = {isa = PBXBuildFile; fileRef = BF989A652863F0A100D5AB68 /* Assets.xcassets */; };
		BF989A902863F0A100D5AB68 /* Assets.xcassets in Resources */ = {isa = PBXBuildFile; fileRef = BF989A652863F0A100D5AB68 /* Assets.xcassets */; };
		BFA4B47B2864CD3F001BC786 /* Theme.swift in Sources */ = {isa = PBXBuildFile; fileRef = BFA4B47A2864CD3F001BC786 /* Theme.swift */; };
/* End PBXBuildFile section */

/* Begin PBXContainerItemProxy section */
		BF989A782863F0A100D5AB68 /* PBXContainerItemProxy */ = {
			isa = PBXContainerItemProxy;
			containerPortal = BF989A5E2863F09A00D5AB68 /* Project object */;
			proxyType = 1;
			remoteGlobalIDString = BF989A692863F0A100D5AB68;
			remoteInfo = "Scrumdinger (iOS)";
		};
		BF989A842863F0A100D5AB68 /* PBXContainerItemProxy */ = {
			isa = PBXContainerItemProxy;
			containerPortal = BF989A5E2863F09A00D5AB68 /* Project object */;
			proxyType = 1;
			remoteGlobalIDString = BF989A6F2863F0A100D5AB68;
			remoteInfo = "Scrumdinger (macOS)";
		};
/* End PBXContainerItemProxy section */

/* Begin PBXFileReference section */
		BF0CC1DF286C9CAA00FB82A7 /* DailyScrum.swift */ = {isa = PBXFileReference; lastKnownFileType = sourcecode.swift; path = DailyScrum.swift; sourceTree = "<group>"; };
		BF0CC1E1286C9F4500FB82A7 /* CardView.swift */ = {isa = PBXFileReference; lastKnownFileType = sourcecode.swift; path = CardView.swift; sourceTree = "<group>"; };
		BF0CC1E3286CA52700FB82A7 /* TrailingIconLabelStyle.swift */ = {isa = PBXFileReference; lastKnownFileType = sourcecode.swift; path = TrailingIconLabelStyle.swift; sourceTree = "<group>"; };
		BF989A632863F09B00D5AB68 /* ScrumdingerApp.swift */ = {isa = PBXFileReference; lastKnownFileType = sourcecode.swift; path = ScrumdingerApp.swift; sourceTree = "<group>"; };
		BF989A642863F09B00D5AB68 /* MeetingView.swift */ = {isa = PBXFileReference; lastKnownFileType = sourcecode.swift; path = MeetingView.swift; sourceTree = "<group>"; };
		BF989A652863F0A100D5AB68 /* Assets.xcassets */ = {isa = PBXFileReference; lastKnownFileType = folder.assetcatalog; path = Assets.xcassets; sourceTree = "<group>"; };
		BF989A6A2863F0A100D5AB68 /* Scrumdinger.app */ = {isa = PBXFileReference; explicitFileType = wrapper.application; includeInIndex = 0; path = Scrumdinger.app; sourceTree = BUILT_PRODUCTS_DIR; };
		BF989A702863F0A100D5AB68 /* Scrumdinger.app */ = {isa = PBXFileReference; explicitFileType = wrapper.application; includeInIndex = 0; path = Scrumdinger.app; sourceTree = BUILT_PRODUCTS_DIR; };
		BF989A722863F0A100D5AB68 /* macOS.entitlements */ = {isa = PBXFileReference; lastKnownFileType = text.plist.entitlements; path = macOS.entitlements; sourceTree = "<group>"; };
		BF989A772863F0A100D5AB68 /* Tests iOS.xctest */ = {isa = PBXFileReference; explicitFileType = wrapper.cfbundle; includeInIndex = 0; path = "Tests iOS.xctest"; sourceTree = BUILT_PRODUCTS_DIR; };
		BF989A7B2863F0A100D5AB68 /* Tests_iOS.swift */ = {isa = PBXFileReference; lastKnownFileType = sourcecode.swift; path = Tests_iOS.swift; sourceTree = "<group>"; };
		BF989A7D2863F0A100D5AB68 /* Tests_iOSLaunchTests.swift */ = {isa = PBXFileReference; lastKnownFileType = sourcecode.swift; path = Tests_iOSLaunchTests.swift; sourceTree = "<group>"; };
		BF989A832863F0A100D5AB68 /* Tests macOS.xctest */ = {isa = PBXFileReference; explicitFileType = wrapper.cfbundle; includeInIndex = 0; path = "Tests macOS.xctest"; sourceTree = BUILT_PRODUCTS_DIR; };
		BF989A872863F0A100D5AB68 /* Tests_macOS.swift */ = {isa = PBXFileReference; lastKnownFileType = sourcecode.swift; path = Tests_macOS.swift; sourceTree = "<group>"; };
		BF989A892863F0A100D5AB68 /* Tests_macOSLaunchTests.swift */ = {isa = PBXFileReference; lastKnownFileType = sourcecode.swift; path = Tests_macOSLaunchTests.swift; sourceTree = "<group>"; };
		BFA4B47A2864CD3F001BC786 /* Theme.swift */ = {isa = PBXFileReference; lastKnownFileType = sourcecode.swift; path = Theme.swift; sourceTree = "<group>"; };
/* End PBXFileReference section */

/* Begin PBXFrameworksBuildPhase section */
		BF989A672863F0A100D5AB68 /* Frameworks */ = {
			isa = PBXFrameworksBuildPhase;
			buildActionMask = 2147483647;
			files = (
			);
			runOnlyForDeploymentPostprocessing = 0;
		};
		BF989A6D2863F0A100D5AB68 /* Frameworks */ = {
			isa = PBXFrameworksBuildPhase;
			buildActionMask = 2147483647;
			files = (
			);
			runOnlyForDeploymentPostprocessing = 0;
		};
		BF989A742863F0A100D5AB68 /* Frameworks */ = {
			isa = PBXFrameworksBuildPhase;
			buildActionMask = 2147483647;
			files = (
			);
			runOnlyForDeploymentPostprocessing = 0;
		};
		BF989A802863F0A100D5AB68 /* Frameworks */ = {
			isa = PBXFrameworksBuildPhase;
			buildActionMask = 2147483647;
			files = (
			);
			runOnlyForDeploymentPostprocessing = 0;
		};
/* End PBXFrameworksBuildPhase section */

/* Begin PBXGroup section */
		BF989A5D2863F09A00D5AB68 = {
			isa = PBXGroup;
			children = (
				BF989A622863F09B00D5AB68 /* Scrumdinger */,
				BF989A712863F0A100D5AB68 /* macOS */,
				BF989A7A2863F0A100D5AB68 /* Tests iOS */,
				BF989A862863F0A100D5AB68 /* Tests macOS */,
				BF989A6B2863F0A100D5AB68 /* Products */,
			);
			sourceTree = "<group>";
		};
		BF989A622863F09B00D5AB68 /* Scrumdinger */ = {
			isa = PBXGroup;
			children = (
				BFA4B4792864CD00001BC786 /* Models */,
				BF989A632863F09B00D5AB68 /* ScrumdingerApp.swift */,
				BF989A642863F09B00D5AB68 /* MeetingView.swift */,
				BF989A652863F0A100D5AB68 /* Assets.xcassets */,
			);
			path = Scrumdinger;
			sourceTree = "<group>";
		};
		BF989A6B2863F0A100D5AB68 /* Products */ = {
			isa = PBXGroup;
			children = (
				BF989A6A2863F0A100D5AB68 /* Scrumdinger.app */,
				BF989A702863F0A100D5AB68 /* Scrumdinger.app */,
				BF989A772863F0A100D5AB68 /* Tests iOS.xctest */,
				BF989A832863F0A100D5AB68 /* Tests macOS.xctest */,
			);
			name = Products;
			sourceTree = "<group>";
		};
		BF989A712863F0A100D5AB68 /* macOS */ = {
			isa = PBXGroup;
			children = (
				BF989A722863F0A100D5AB68 /* macOS.entitlements */,
			);
			path = macOS;
			sourceTree = "<group>";
		};
		BF989A7A2863F0A100D5AB68 /* Tests iOS */ = {
			isa = PBXGroup;
			children = (
				BF989A7B2863F0A100D5AB68 /* Tests_iOS.swift */,
				BF989A7D2863F0A100D5AB68 /* Tests_iOSLaunchTests.swift */,
			);
			path = "Tests iOS";
			sourceTree = "<group>";
		};
		BF989A862863F0A100D5AB68 /* Tests macOS */ = {
			isa = PBXGroup;
			children = (
				BF989A872863F0A100D5AB68 /* Tests_macOS.swift */,
				BF989A892863F0A100D5AB68 /* Tests_macOSLaunchTests.swift */,
			);
			path = "Tests macOS";
			sourceTree = "<group>";
		};
		BFA4B4792864CD00001BC786 /* Models */ = {
			isa = PBXGroup;
			children = (
				BFA4B47A2864CD3F001BC786 /* Theme.swift */,
				BF0CC1DF286C9CAA00FB82A7 /* DailyScrum.swift */,
				BF0CC1E1286C9F4500FB82A7 /* CardView.swift */,
				BF0CC1E3286CA52700FB82A7 /* TrailingIconLabelStyle.swift */,
			);
			path = Models;
			sourceTree = "<group>";
		};
/* End PBXGroup section */

/* Begin PBXNativeTarget section */
		BF989A692863F0A100D5AB68 /* Scrumdinger (iOS) */ = {
			isa = PBXNativeTarget;
			buildConfigurationList = BF989A932863F0A100D5AB68 /* Build configuration list for PBXNativeTarget "Scrumdinger (iOS)" */;
			buildPhases = (
				BF989A662863F0A100D5AB68 /* Sources */,
				BF989A672863F0A100D5AB68 /* Frameworks */,
				BF989A682863F0A100D5AB68 /* Resources */,
			);
			buildRules = (
			);
			dependencies = (
			);
			name = "Scrumdinger (iOS)";
			productName = "Scrumdinger (iOS)";
			productReference = BF989A6A2863F0A100D5AB68 /* Scrumdinger.app */;
			productType = "com.apple.product-type.application";
		};
		BF989A6F2863F0A100D5AB68 /* Scrumdinger (macOS) */ = {
			isa = PBXNativeTarget;
			buildConfigurationList = BF989A962863F0A100D5AB68 /* Build configuration list for PBXNativeTarget "Scrumdinger (macOS)" */;
			buildPhases = (
				BF989A6C2863F0A100D5AB68 /* Sources */,
				BF989A6D2863F0A100D5AB68 /* Frameworks */,
				BF989A6E2863F0A100D5AB68 /* Resources */,
			);
			buildRules = (
			);
			dependencies = (
			);
			name = "Scrumdinger (macOS)";
			productName = "Scrumdinger (macOS)";
			productReference = BF989A702863F0A100D5AB68 /* Scrumdinger.app */;
			productType = "com.apple.product-type.application";
		};
		BF989A762863F0A100D5AB68 /* Tests iOS */ = {
			isa = PBXNativeTarget;
			buildConfigurationList = BF989A992863F0A100D5AB68 /* Build configuration list for PBXNativeTarget "Tests iOS" */;
			buildPhases = (
				BF989A732863F0A100D5AB68 /* Sources */,
				BF989A742863F0A100D5AB68 /* Frameworks */,
				BF989A752863F0A100D5AB68 /* Resources */,
			);
			buildRules = (
			);
			dependencies = (
				BF989A792863F0A100D5AB68 /* PBXTargetDependency */,
			);
			name = "Tests iOS";
			productName = "Tests iOS";
			productReference = BF989A772863F0A100D5AB68 /* Tests iOS.xctest */;
			productType = "com.apple.product-type.bundle.ui-testing";
		};
		BF989A822863F0A100D5AB68 /* Tests macOS */ = {
			isa = PBXNativeTarget;
			buildConfigurationList = BF989A9C2863F0A100D5AB68 /* Build configuration list for PBXNativeTarget "Tests macOS" */;
			buildPhases = (
				BF989A7F2863F0A100D5AB68 /* Sources */,
				BF989A802863F0A100D5AB68 /* Frameworks */,
				BF989A812863F0A100D5AB68 /* Resources */,
			);
			buildRules = (
			);
			dependencies = (
				BF989A852863F0A100D5AB68 /* PBXTargetDependency */,
			);
			name = "Tests macOS";
			productName = "Tests macOS";
			productReference = BF989A832863F0A100D5AB68 /* Tests macOS.xctest */;
			productType = "com.apple.product-type.bundle.ui-testing";
		};
/* End PBXNativeTarget section */

/* Begin PBXProject section */
		BF989A5E2863F09A00D5AB68 /* Project object */ = {
			isa = PBXProject;
			attributes = {
				BuildIndependentTargetsInParallel = 1;
				LastSwiftUpdateCheck = 1340;
				LastUpgradeCheck = 1340;
				TargetAttributes = {
					BF989A692863F0A100D5AB68 = {
						CreatedOnToolsVersion = 13.4.1;
					};
					BF989A6F2863F0A100D5AB68 = {
						CreatedOnToolsVersion = 13.4.1;
					};
					BF989A762863F0A100D5AB68 = {
						CreatedOnToolsVersion = 13.4.1;
						TestTargetID = BF989A692863F0A100D5AB68;
					};
					BF989A822863F0A100D5AB68 = {
						CreatedOnToolsVersion = 13.4.1;
						TestTargetID = BF989A6F2863F0A100D5AB68;
					};
				};
			};
			buildConfigurationList = BF989A612863F09A00D5AB68 /* Build configuration list for PBXProject "Scrumdinger" */;
			compatibilityVersion = "Xcode 13.0";
			developmentRegion = en;
			hasScannedForEncodings = 0;
			knownRegions = (
				en,
				Base,
			);
			mainGroup = BF989A5D2863F09A00D5AB68;
			productRefGroup = BF989A6B2863F0A100D5AB68 /* Products */;
			projectDirPath = "";
			projectRoot = "";
			targets = (
				BF989A692863F0A100D5AB68 /* Scrumdinger (iOS) */,
				BF989A6F2863F0A100D5AB68 /* Scrumdinger (macOS) */,
				BF989A762863F0A100D5AB68 /* Tests iOS */,
				BF989A822863F0A100D5AB68 /* Tests macOS */,
			);
		};
/* End PBXProject section */

/* Begin PBXResourcesBuildPhase section */
		BF989A682863F0A100D5AB68 /* Resources */ = {
			isa = PBXResourcesBuildPhase;
			buildActionMask = 2147483647;
			files = (
				BF989A8F2863F0A100D5AB68 /* Assets.xcassets in Resources */,
			);
			runOnlyForDeploymentPostprocessing = 0;
		};
		BF989A6E2863F0A100D5AB68 /* Resources */ = {
			isa = PBXResourcesBuildPhase;
			buildActionMask = 2147483647;
			files = (
				BF989A902863F0A100D5AB68 /* Assets.xcassets in Resources */,
			);
			runOnlyForDeploymentPostprocessing = 0;
		};
		BF989A752863F0A100D5AB68 /* Resources */ = {
			isa = PBXResourcesBuildPhase;
			buildActionMask = 2147483647;
			files = (
			);
			runOnlyForDeploymentPostprocessing = 0;
		};
		BF989A812863F0A100D5AB68 /* Resources */ = {
			isa = PBXResourcesBuildPhase;
			buildActionMask = 2147483647;
			files = (
			);
			runOnlyForDeploymentPostprocessing = 0;
		};
/* End PBXResourcesBuildPhase section */

/* Begin PBXSourcesBuildPhase section */
		BF989A662863F0A100D5AB68 /* Sources */ = {
			isa = PBXSourcesBuildPhase;
			buildActionMask = 2147483647;
			files = (
				BF0CC1E0286C9CAA00FB82A7 /* DailyScrum.swift in Sources */,
				BF0CC1E4286CA52700FB82A7 /* TrailingIconLabelStyle.swift in Sources */,
				BFA4B47B2864CD3F001BC786 /* Theme.swift in Sources */,
				BF989A8D2863F0A100D5AB68 /* MeetingView.swift in Sources */,
				BF989A8B2863F0A100D5AB68 /* ScrumdingerApp.swift in Sources */,
				BF0CC1E2286C9F4500FB82A7 /* CardView.swift in Sources */,
			);
			runOnlyForDeploymentPostprocessing = 0;
		};
		BF989A6C2863F0A100D5AB68 /* Sources */ = {
			isa = PBXSourcesBuildPhase;
			buildActionMask = 2147483647;
			files = (
				BF989A8E2863F0A100D5AB68 /* MeetingView.swift in Sources */,
				BF989A8C2863F0A100D5AB68 /* ScrumdingerApp.swift in Sources */,
			);
			runOnlyForDeploymentPostprocessing = 0;
		};
		BF989A732863F0A100D5AB68 /* Sources */ = {
			isa = PBXSourcesBuildPhase;
			buildActionMask = 2147483647;
			files = (
				BF989A7E2863F0A100D5AB68 /* Tests_iOSLaunchTests.swift in Sources */,
				BF989A7C2863F0A100D5AB68 /* Tests_iOS.swift in Sources */,
			);
			runOnlyForDeploymentPostprocessing = 0;
		};
		BF989A7F2863F0A100D5AB68 /* Sources */ = {
			isa = PBXSourcesBuildPhase;
			buildActionMask = 2147483647;
			files = (
				BF989A8A2863F0A100D5AB68 /* Tests_macOSLaunchTests.swift in Sources */,
				BF989A882863F0A100D5AB68 /* Tests_macOS.swift in Sources */,
			);
			runOnlyForDeploymentPostprocessing = 0;
		};
/* End PBXSourcesBuildPhase section */

/* Begin PBXTargetDependency section */
		BF989A792863F0A100D5AB68 /* PBXTargetDependency */ = {
			isa = PBXTargetDependency;
			target = BF989A692863F0A100D5AB68 /* Scrumdinger (iOS) */;
			targetProxy = BF989A782863F0A100D5AB68 /* PBXContainerItemProxy */;
		};
		BF989A852863F0A100D5AB68 /* PBXTargetDependency */ = {
			isa = PBXTargetDependency;
			target = BF989A6F2863F0A100D5AB68 /* Scrumdinger (macOS) */;
			targetProxy = BF989A842863F0A100D5AB68 /* PBXContainerItemProxy */;
		};
/* End PBXTargetDependency section */

/* Begin XCBuildConfiguration section */
		BF989A912863F0A100D5AB68 /* Debug */ = {
			isa = XCBuildConfiguration;
			buildSettings = {
				ALWAYS_SEARCH_USER_PATHS = NO;
				CLANG_ANALYZER_NONNULL = YES;
				CLANG_ANALYZER_NUMBER_OBJECT_CONVERSION = YES_AGGRESSIVE;
				CLANG_CXX_LANGUAGE_STANDARD = "gnu++17";
				CLANG_ENABLE_MODULES = YES;
				CLANG_ENABLE_OBJC_ARC = YES;
				CLANG_ENABLE_OBJC_WEAK = YES;
				CLANG_WARN_BLOCK_CAPTURE_AUTORELEASING = YES;
				CLANG_WARN_BOOL_CONVERSION = YES;
				CLANG_WARN_COMMA = YES;
				CLANG_WARN_CONSTANT_CONVERSION = YES;
				CLANG_WARN_DEPRECATED_OBJC_IMPLEMENTATIONS = YES;
				CLANG_WARN_DIRECT_OBJC_ISA_USAGE = YES_ERROR;
				CLANG_WARN_DOCUMENTATION_COMMENTS = YES;
				CLANG_WARN_EMPTY_BODY = YES;
				CLANG_WARN_ENUM_CONVERSION = YES;
				CLANG_WARN_INFINITE_RECURSION = YES;
				CLANG_WARN_INT_CONVERSION = YES;
				CLANG_WARN_NON_LITERAL_NULL_CONVERSION = YES;
				CLANG_WARN_OBJC_IMPLICIT_RETAIN_SELF = YES;
				CLANG_WARN_OBJC_LITERAL_CONVERSION = YES;
				CLANG_WARN_OBJC_ROOT_CLASS = YES_ERROR;
				CLANG_WARN_QUOTED_INCLUDE_IN_FRAMEWORK_HEADER = YES;
				CLANG_WARN_RANGE_LOOP_ANALYSIS = YES;
				CLANG_WARN_STRICT_PROTOTYPES = YES;
				CLANG_WARN_SUSPICIOUS_MOVE = YES;
				CLANG_WARN_UNGUARDED_AVAILABILITY = YES_AGGRESSIVE;
				CLANG_WARN_UNREACHABLE_CODE = YES;
				CLANG_WARN__DUPLICATE_METHOD_MATCH = YES;
				COPY_PHASE_STRIP = NO;
				DEBUG_INFORMATION_FORMAT = dwarf;
				ENABLE_STRICT_OBJC_MSGSEND = YES;
				ENABLE_TESTABILITY = YES;
				GCC_C_LANGUAGE_STANDARD = gnu11;
				GCC_DYNAMIC_NO_PIC = NO;
				GCC_NO_COMMON_BLOCKS = YES;
				GCC_OPTIMIZATION_LEVEL = 0;
				GCC_PREPROCESSOR_DEFINITIONS = (
					"DEBUG=1",
					"$(inherited)",
				);
				GCC_WARN_64_TO_32_BIT_CONVERSION = YES;
				GCC_WARN_ABOUT_RETURN_TYPE = YES_ERROR;
				GCC_WARN_UNDECLARED_SELECTOR = YES;
				GCC_WARN_UNINITIALIZED_AUTOS = YES_AGGRESSIVE;
				GCC_WARN_UNUSED_FUNCTION = YES;
				GCC_WARN_UNUSED_VARIABLE = YES;
				MTL_ENABLE_DEBUG_INFO = INCLUDE_SOURCE;
				MTL_FAST_MATH = YES;
				ONLY_ACTIVE_ARCH = YES;
				SWIFT_ACTIVE_COMPILATION_CONDITIONS = DEBUG;
				SWIFT_OPTIMIZATION_LEVEL = "-Onone";
			};
			name = Debug;
		};
		BF989A922863F0A100D5AB68 /* Release */ = {
			isa = XCBuildConfiguration;
			buildSettings = {
				ALWAYS_SEARCH_USER_PATHS = NO;
				CLANG_ANALYZER_NONNULL = YES;
				CLANG_ANALYZER_NUMBER_OBJECT_CONVERSION = YES_AGGRESSIVE;
				CLANG_CXX_LANGUAGE_STANDARD = "gnu++17";
				CLANG_ENABLE_MODULES = YES;
				CLANG_ENABLE_OBJC_ARC = YES;
				CLANG_ENABLE_OBJC_WEAK = YES;
				CLANG_WARN_BLOCK_CAPTURE_AUTORELEASING = YES;
				CLANG_WARN_BOOL_CONVERSION = YES;
				CLANG_WARN_COMMA = YES;
				CLANG_WARN_CONSTANT_CONVERSION = YES;
				CLANG_WARN_DEPRECATED_OBJC_IMPLEMENTATIONS = YES;
				CLANG_WARN_DIRECT_OBJC_ISA_USAGE = YES_ERROR;
				CLANG_WARN_DOCUMENTATION_COMMENTS = YES;
				CLANG_WARN_EMPTY_BODY = YES;
				CLANG_WARN_ENUM_CONVERSION = YES;
				CLANG_WARN_INFINITE_RECURSION = YES;
				CLANG_WARN_INT_CONVERSION = YES;
				CLANG_WARN_NON_LITERAL_NULL_CONVERSION = YES;
				CLANG_WARN_OBJC_IMPLICIT_RETAIN_SELF = YES;
				CLANG_WARN_OBJC_LITERAL_CONVERSION = YES;
				CLANG_WARN_OBJC_ROOT_CLASS = YES_ERROR;
				CLANG_WARN_QUOTED_INCLUDE_IN_FRAMEWORK_HEADER = YES;
				CLANG_WARN_RANGE_LOOP_ANALYSIS = YES;
				CLANG_WARN_STRICT_PROTOTYPES = YES;
				CLANG_WARN_SUSPICIOUS_MOVE = YES;
				CLANG_WARN_UNGUARDED_AVAILABILITY = YES_AGGRESSIVE;
				CLANG_WARN_UNREACHABLE_CODE = YES;
				CLANG_WARN__DUPLICATE_METHOD_MATCH = YES;
				COPY_PHASE_STRIP = NO;
				DEBUG_INFORMATION_FORMAT = "dwarf-with-dsym";
				ENABLE_NS_ASSERTIONS = NO;
				ENABLE_STRICT_OBJC_MSGSEND = YES;
				GCC_C_LANGUAGE_STANDARD = gnu11;
				GCC_NO_COMMON_BLOCKS = YES;
				GCC_WARN_64_TO_32_BIT_CONVERSION = YES;
				GCC_WARN_ABOUT_RETURN_TYPE = YES_ERROR;
				GCC_WARN_UNDECLARED_SELECTOR = YES;
				GCC_WARN_UNINITIALIZED_AUTOS = YES_AGGRESSIVE;
				GCC_WARN_UNUSED_FUNCTION = YES;
				GCC_WARN_UNUSED_VARIABLE = YES;
				MTL_ENABLE_DEBUG_INFO = NO;
				MTL_FAST_MATH = YES;
				SWIFT_COMPILATION_MODE = wholemodule;
				SWIFT_OPTIMIZATION_LEVEL = "-O";
			};
			name = Release;
		};
		BF989A942863F0A100D5AB68 /* Debug */ = {
			isa = XCBuildConfiguration;
			buildSettings = {
				ASSETCATALOG_COMPILER_APPICON_NAME = AppIcon;
				ASSETCATALOG_COMPILER_GLOBAL_ACCENT_COLOR_NAME = AccentColor;
				CODE_SIGN_STYLE = Automatic;
				CURRENT_PROJECT_VERSION = 1;
				ENABLE_PREVIEWS = YES;
				GENERATE_INFOPLIST_FILE = YES;
				INFOPLIST_KEY_UIApplicationSceneManifest_Generation = YES;
				INFOPLIST_KEY_UIApplicationSupportsIndirectInputEvents = YES;
				INFOPLIST_KEY_UILaunchScreen_Generation = YES;
				INFOPLIST_KEY_UISupportedInterfaceOrientations_iPad = "UIInterfaceOrientationPortrait UIInterfaceOrientationPortraitUpsideDown UIInterfaceOrientationLandscapeLeft UIInterfaceOrientationLandscapeRight";
				INFOPLIST_KEY_UISupportedInterfaceOrientations_iPhone = "UIInterfaceOrientationPortrait UIInterfaceOrientationLandscapeLeft UIInterfaceOrientationLandscapeRight";
				IPHONEOS_DEPLOYMENT_TARGET = 15.5;
				LD_RUNPATH_SEARCH_PATHS = (
					"$(inherited)",
					"@executable_path/Frameworks",
				);
				MARKETING_VERSION = 1.0;
				PRODUCT_BUNDLE_IDENTIFIER = com.app.brodie.Scrumdinger;
				PRODUCT_NAME = Scrumdinger;
				SDKROOT = iphoneos;
				SWIFT_EMIT_LOC_STRINGS = YES;
				SWIFT_VERSION = 5.0;
				TARGETED_DEVICE_FAMILY = "1,2";
			};
			name = Debug;
		};
		BF989A952863F0A100D5AB68 /* Release */ = {
			isa = XCBuildConfiguration;
			buildSettings = {
				ASSETCATALOG_COMPILER_APPICON_NAME = AppIcon;
				ASSETCATALOG_COMPILER_GLOBAL_ACCENT_COLOR_NAME = AccentColor;
				CODE_SIGN_STYLE = Automatic;
				CURRENT_PROJECT_VERSION = 1;
				ENABLE_PREVIEWS = YES;
				GENERATE_INFOPLIST_FILE = YES;
				INFOPLIST_KEY_UIApplicationSceneManifest_Generation = YES;
				INFOPLIST_KEY_UIApplicationSupportsIndirectInputEvents = YES;
				INFOPLIST_KEY_UILaunchScreen_Generation = YES;
				INFOPLIST_KEY_UISupportedInterfaceOrientations_iPad = "UIInterfaceOrientationPortrait UIInterfaceOrientationPortraitUpsideDown UIInterfaceOrientationLandscapeLeft UIInterfaceOrientationLandscapeRight";
				INFOPLIST_KEY_UISupportedInterfaceOrientations_iPhone = "UIInterfaceOrientationPortrait UIInterfaceOrientationLandscapeLeft UIInterfaceOrientationLandscapeRight";
				IPHONEOS_DEPLOYMENT_TARGET = 15.5;
				LD_RUNPATH_SEARCH_PATHS = (
					"$(inherited)",
					"@executable_path/Frameworks",
				);
				MARKETING_VERSION = 1.0;
				PRODUCT_BUNDLE_IDENTIFIER = com.app.brodie.Scrumdinger;
				PRODUCT_NAME = Scrumdinger;
				SDKROOT = iphoneos;
				SWIFT_EMIT_LOC_STRINGS = YES;
				SWIFT_VERSION = 5.0;
				TARGETED_DEVICE_FAMILY = "1,2";
				VALIDATE_PRODUCT = YES;
			};
			name = Release;
		};
		BF989A972863F0A100D5AB68 /* Debug */ = {
			isa = XCBuildConfiguration;
			buildSettings = {
				ASSETCATALOG_COMPILER_APPICON_NAME = AppIcon;
				ASSETCATALOG_COMPILER_GLOBAL_ACCENT_COLOR_NAME = AccentColor;
				CODE_SIGN_ENTITLEMENTS = macOS/macOS.entitlements;
				CODE_SIGN_STYLE = Automatic;
				COMBINE_HIDPI_IMAGES = YES;
				CURRENT_PROJECT_VERSION = 1;
				ENABLE_PREVIEWS = YES;
				GENERATE_INFOPLIST_FILE = YES;
				INFOPLIST_KEY_NSHumanReadableCopyright = "";
				LD_RUNPATH_SEARCH_PATHS = (
					"$(inherited)",
					"@executable_path/../Frameworks",
				);
				MACOSX_DEPLOYMENT_TARGET = 12.3;
				MARKETING_VERSION = 1.0;
				PRODUCT_BUNDLE_IDENTIFIER = com.app.brodie.Scrumdinger;
				PRODUCT_NAME = Scrumdinger;
				SDKROOT = macosx;
				SWIFT_EMIT_LOC_STRINGS = YES;
				SWIFT_VERSION = 5.0;
			};
			name = Debug;
		};
		BF989A982863F0A100D5AB68 /* Release */ = {
			isa = XCBuildConfiguration;
			buildSettings = {
				ASSETCATALOG_COMPILER_APPICON_NAME = AppIcon;
				ASSETCATALOG_COMPILER_GLOBAL_ACCENT_COLOR_NAME = AccentColor;
				CODE_SIGN_ENTITLEMENTS = macOS/macOS.entitlements;
				CODE_SIGN_STYLE = Automatic;
				COMBINE_HIDPI_IMAGES = YES;
				CURRENT_PROJECT_VERSION = 1;
				ENABLE_PREVIEWS = YES;
				GENERATE_INFOPLIST_FILE = YES;
				INFOPLIST_KEY_NSHumanReadableCopyright = "";
				LD_RUNPATH_SEARCH_PATHS = (
					"$(inherited)",
					"@executable_path/../Frameworks",
				);
				MACOSX_DEPLOYMENT_TARGET = 12.3;
				MARKETING_VERSION = 1.0;
				PRODUCT_BUNDLE_IDENTIFIER = com.app.brodie.Scrumdinger;
				PRODUCT_NAME = Scrumdinger;
				SDKROOT = macosx;
				SWIFT_EMIT_LOC_STRINGS = YES;
				SWIFT_VERSION = 5.0;
			};
			name = Release;
		};
		BF989A9A2863F0A100D5AB68 /* Debug */ = {
			isa = XCBuildConfiguration;
			buildSettings = {
				ALWAYS_EMBED_SWIFT_STANDARD_LIBRARIES = YES;
				CODE_SIGN_STYLE = Automatic;
				CURRENT_PROJECT_VERSION = 1;
				GENERATE_INFOPLIST_FILE = YES;
				IPHONEOS_DEPLOYMENT_TARGET = 15.5;
				MARKETING_VERSION = 1.0;
				PRODUCT_BUNDLE_IDENTIFIER = "com.app.brodie.Tests-iOS";
				PRODUCT_NAME = "$(TARGET_NAME)";
				SDKROOT = iphoneos;
				SWIFT_EMIT_LOC_STRINGS = NO;
				SWIFT_VERSION = 5.0;
				TARGETED_DEVICE_FAMILY = "1,2";
				TEST_TARGET_NAME = "Scrumdinger (iOS)";
			};
			name = Debug;
		};
		BF989A9B2863F0A100D5AB68 /* Release */ = {
			isa = XCBuildConfiguration;
			buildSettings = {
				ALWAYS_EMBED_SWIFT_STANDARD_LIBRARIES = YES;
				CODE_SIGN_STYLE = Automatic;
				CURRENT_PROJECT_VERSION = 1;
				GENERATE_INFOPLIST_FILE = YES;
				IPHONEOS_DEPLOYMENT_TARGET = 15.5;
				MARKETING_VERSION = 1.0;
				PRODUCT_BUNDLE_IDENTIFIER = "com.app.brodie.Tests-iOS";
				PRODUCT_NAME = "$(TARGET_NAME)";
				SDKROOT = iphoneos;
				SWIFT_EMIT_LOC_STRINGS = NO;
				SWIFT_VERSION = 5.0;
				TARGETED_DEVICE_FAMILY = "1,2";
				TEST_TARGET_NAME = "Scrumdinger (iOS)";
				VALIDATE_PRODUCT = YES;
			};
			name = Release;
		};
		BF989A9D2863F0A100D5AB68 /* Debug */ = {
			isa = XCBuildConfiguration;
			buildSettings = {
				ALWAYS_EMBED_SWIFT_STANDARD_LIBRARIES = YES;
				CODE_SIGN_STYLE = Automatic;
				CURRENT_PROJECT_VERSION = 1;
				GENERATE_INFOPLIST_FILE = YES;
				MACOSX_DEPLOYMENT_TARGET = 12.3;
				MARKETING_VERSION = 1.0;
				PRODUCT_BUNDLE_IDENTIFIER = "com.app.brodie.Tests-macOS";
				PRODUCT_NAME = "$(TARGET_NAME)";
				SDKROOT = macosx;
				SWIFT_EMIT_LOC_STRINGS = NO;
				SWIFT_VERSION = 5.0;
				TEST_TARGET_NAME = "Scrumdinger (macOS)";
			};
			name = Debug;
		};
		BF989A9E2863F0A100D5AB68 /* Release */ = {
			isa = XCBuildConfiguration;
			buildSettings = {
				ALWAYS_EMBED_SWIFT_STANDARD_LIBRARIES = YES;
				CODE_SIGN_STYLE = Automatic;
				CURRENT_PROJECT_VERSION = 1;
				GENERATE_INFOPLIST_FILE = YES;
				MACOSX_DEPLOYMENT_TARGET = 12.3;
				MARKETING_VERSION = 1.0;
				PRODUCT_BUNDLE_IDENTIFIER = "com.app.brodie.Tests-macOS";
				PRODUCT_NAME = "$(TARGET_NAME)";
				SDKROOT = macosx;
				SWIFT_EMIT_LOC_STRINGS = NO;
				SWIFT_VERSION = 5.0;
				TEST_TARGET_NAME = "Scrumdinger (macOS)";
			};
			name = Release;
		};
/* End XCBuildConfiguration section */

/* Begin XCConfigurationList section */
		BF989A612863F09A00D5AB68 /* Build configuration list for PBXProject "Scrumdinger" */ = {
			isa = XCConfigurationList;
			buildConfigurations = (
				BF989A912863F0A100D5AB68 /* Debug */,
				BF989A922863F0A100D5AB68 /* Release */,
			);
			defaultConfigurationIsVisible = 0;
			defaultConfigurationName = Release;
		};
		BF989A932863F0A100D5AB68 /* Build configuration list for PBXNativeTarget "Scrumdinger (iOS)" */ = {
			isa = XCConfigurationList;
			buildConfigurations = (
				BF989A942863F0A100D5AB68 /* Debug */,
				BF989A952863F0A100D5AB68 /* Release */,
			);
			defaultConfigurationIsVisible = 0;
			defaultConfigurationName = Release;
		};
		BF989A962863F0A100D5AB68 /* Build configuration list for PBXNativeTarget "Scrumdinger (macOS)" */ = {
			isa = XCConfigurationList;
			buildConfigurations = (
				BF989A972863F0A100D5AB68 /* Debug */,
				BF989A982863F0A100D5AB68 /* Release */,
			);
			defaultConfigurationIsVisible = 0;
			defaultConfigurationName = Release;
		};
		BF989A992863F0A100D5AB68 /* Build configuration list for PBXNativeTarget "Tests iOS" */ = {
			isa = XCConfigurationList;
			buildConfigurations = (
				BF989A9A2863F0A100D5AB68 /* Debug */,
				BF989A9B2863F0A100D5AB68 /* Release */,
			);
			defaultConfigurationIsVisible = 0;
			defaultConfigurationName = Release;
		};
		BF989A9C2863F0A100D5AB68 /* Build configuration list for PBXNativeTarget "Tests macOS" */ = {
			isa = XCConfigurationList;
			buildConfigurations = (
				BF989A9D2863F0A100D5AB68 /* Debug */,
				BF989A9E2863F0A100D5AB68 /* Release */,
			);
			defaultConfigurationIsVisible = 0;
			defaultConfigurationName = Release;
		};
/* End XCConfigurationList section */
	};
	rootObject = BF989A5E2863F09A00D5AB68 /* Project object */;
}
